<?xml version="1.0" encoding="utf-8"?>
<Project ToolsVersion="4.0" xmlns="http://schemas.microsoft.com/developer/msbuild/2003">
  <ItemGroup>
    <Filter Include="Source Files">
      <UniqueIdentifier>{4FC737F1-C7A5-4376-A066-2A32D752A2FF}</UniqueIdentifier>
      <Extensions>cpp;c;cc;cxx;def;odl;idl;hpj;bat;asm;asmx</Extensions>
    </Filter>
    <Filter Include="Header Files">
      <UniqueIdentifier>{93995380-89BD-4b04-88EB-625FBE52EBFB}</UniqueIdentifier>
      <Extensions>h;hh;hpp;hxx;hm;inl;inc;xsd</Extensions>
    </Filter>
    <Filter Include="Resource Files">
      <UniqueIdentifier>{67DA6AB6-F800-4c08-8B7A-83BB121AAD01}</UniqueIdentifier>
      <Extensions>rc;ico;cur;bmp;dlg;rc2;rct;bin;rgs;gif;jpg;jpeg;jpe;resx;tiff;tif;png;wav;mfcribbon-ms</Extensions>
    </Filter>
    <Filter Include="src">
      <UniqueIdentifier>{4347eb47-024b-4ada-8a6d-5a5b8d628f50}</UniqueIdentifier>
    </Filter>
    <Filter Include="src\_micro-api-readonly">
      <UniqueIdentifier>{64004712-7c5e-4034-8700-ca3f737c4ae0}</UniqueIdentifier>
    </Filter>
    <Filter Include="src\_micro-api-readonly\core">
      <UniqueIdentifier>{24cbebe3-ccaa-4a39-9a33-13973544cdb2}</UniqueIdentifier>
    </Filter>
    <Filter Include="src\_micro-api-readonly\variants">
      <UniqueIdentifier>{2a841202-7131-4118-9c20-4abe732bdeab}</UniqueIdentifier>
    </Filter>
    <Filter Include="src\_micro-api-readonly\variants\standard">
      <UniqueIdentifier>{9362740e-403d-4d0a-9c49-7696fe373f40}</UniqueIdentifier>
    </Filter>
    <Filter Include="src\_micro-api-readonly\libraries">
      <UniqueIdentifier>{e8415252-4397-4406-b690-a9024a2a9f19}</UniqueIdentifier>
    </Filter>
    <Filter Include="src\_micro-api-readonly\libraries\SoftwareSerial">
      <UniqueIdentifier>{fdea0082-b161-4545-a385-c30d395aae51}</UniqueIdentifier>
    </Filter>
    <Filter Include="src\_micro-api-readonly\libraries\SoftwareSerial\src">
      <UniqueIdentifier>{bc1864bb-cffd-44d8-9e07-84104fb5b2b5}</UniqueIdentifier>
    </Filter>
    <Filter Include="Header Files\StateQueue">
      <UniqueIdentifier>{c4d528a7-142a-4cb4-8729-a481ff4b2e33}</UniqueIdentifier>
    </Filter>
    <Filter Include="Source Files\StateQueue">
      <UniqueIdentifier>{571132e9-6492-4756-88f4-12eafd253929}</UniqueIdentifier>
    </Filter>
    <Filter Include="Header Files\Vector">
      <UniqueIdentifier>{e61dfba7-3515-47b8-9359-27395156c609}</UniqueIdentifier>
    </Filter>
  </ItemGroup>
  <ItemGroup>
    <ClInclude Include="Motor.h">
      <Filter>Header Files</Filter>
    </ClInclude>
    <ClInclude Include="__vm\.Main_Slave.vsarduino.h">
      <Filter>Header Files</Filter>
    </ClInclude>
    <ClInclude Include="Bluetooth.h">
      <Filter>Header Files</Filter>
    </ClInclude>
    <ClInclude Include="Buzzer.h">
      <Filter>Header Files</Filter>
    </ClInclude>
    <ClInclude Include="Led.h">
      <Filter>Header Files</Filter>
    </ClInclude>
    <ClInclude Include="Car.h">
      <Filter>Header Files</Filter>
    </ClInclude>
    <ClInclude Include="..\..\..\..\..\..\..\..\Program Files (x86)\Arduino\hardware\arduino\avr\cores\arduino\Arduino.h">
      <Filter>src\_micro-api-readonly\core</Filter>
    </ClInclude>
    <ClInclude Include="..\..\..\..\..\..\..\..\Program Files (x86)\Arduino\hardware\arduino\avr\cores\arduino\binary.h">
      <Filter>src\_micro-api-readonly\core</Filter>
    </ClInclude>
    <ClInclude Include="..\..\..\..\..\..\..\..\Program Files (x86)\Arduino\hardware\arduino\avr\cores\arduino\Client.h">
      <Filter>src\_micro-api-readonly\core</Filter>
    </ClInclude>
    <ClInclude Include="..\..\..\..\..\..\..\..\Program Files (x86)\Arduino\hardware\arduino\avr\cores\arduino\HardwareSerial.h">
      <Filter>src\_micro-api-readonly\core</Filter>
    </ClInclude>
    <ClInclude Include="..\..\..\..\..\..\..\..\Program Files (x86)\Arduino\hardware\arduino\avr\cores\arduino\HardwareSerial_private.h">
      <Filter>src\_micro-api-readonly\core</Filter>
    </ClInclude>
    <ClInclude Include="..\..\..\..\..\..\..\..\Program Files (x86)\Arduino\hardware\arduino\avr\cores\arduino\IPAddress.h">
      <Filter>src\_micro-api-readonly\core</Filter>
    </ClInclude>
    <ClInclude Include="..\..\..\..\..\..\..\..\Program Files (x86)\Arduino\hardware\arduino\avr\cores\arduino\new.h">
      <Filter>src\_micro-api-readonly\core</Filter>
    </ClInclude>
    <ClInclude Include="..\..\..\..\..\..\..\..\Program Files (x86)\Arduino\hardware\arduino\avr\cores\arduino\PluggableUSB.h">
      <Filter>src\_micro-api-readonly\core</Filter>
    </ClInclude>
    <ClInclude Include="..\..\..\..\..\..\..\..\Program Files (x86)\Arduino\hardware\arduino\avr\cores\arduino\Print.h">
      <Filter>src\_micro-api-readonly\core</Filter>
    </ClInclude>
    <ClInclude Include="..\..\..\..\..\..\..\..\Program Files (x86)\Arduino\hardware\arduino\avr\cores\arduino\Printable.h">
      <Filter>src\_micro-api-readonly\core</Filter>
    </ClInclude>
    <ClInclude Include="..\..\..\..\..\..\..\..\Program Files (x86)\Arduino\hardware\arduino\avr\cores\arduino\Server.h">
      <Filter>src\_micro-api-readonly\core</Filter>
    </ClInclude>
    <ClInclude Include="..\..\..\..\..\..\..\..\Program Files (x86)\Arduino\hardware\arduino\avr\cores\arduino\Stream.h">
      <Filter>src\_micro-api-readonly\core</Filter>
    </ClInclude>
    <ClInclude Include="..\..\..\..\..\..\..\..\Program Files (x86)\Arduino\hardware\arduino\avr\cores\arduino\Udp.h">
      <Filter>src\_micro-api-readonly\core</Filter>
    </ClInclude>
    <ClInclude Include="..\..\..\..\..\..\..\..\Program Files (x86)\Arduino\hardware\arduino\avr\cores\arduino\USBAPI.h">
      <Filter>src\_micro-api-readonly\core</Filter>
    </ClInclude>
    <ClInclude Include="..\..\..\..\..\..\..\..\Program Files (x86)\Arduino\hardware\arduino\avr\cores\arduino\USBCore.h">
      <Filter>src\_micro-api-readonly\core</Filter>
    </ClInclude>
    <ClInclude Include="..\..\..\..\..\..\..\..\Program Files (x86)\Arduino\hardware\arduino\avr\cores\arduino\USBDesc.h">
      <Filter>src\_micro-api-readonly\core</Filter>
    </ClInclude>
    <ClInclude Include="..\..\..\..\..\..\..\..\Program Files (x86)\Arduino\hardware\arduino\avr\cores\arduino\WCharacter.h">
      <Filter>src\_micro-api-readonly\core</Filter>
    </ClInclude>
    <ClInclude Include="..\..\..\..\..\..\..\..\Program Files (x86)\Arduino\hardware\arduino\avr\cores\arduino\wiring_private.h">
      <Filter>src\_micro-api-readonly\core</Filter>
    </ClInclude>
    <ClInclude Include="..\..\..\..\..\..\..\..\Program Files (x86)\Arduino\hardware\arduino\avr\cores\arduino\WString.h">
      <Filter>src\_micro-api-readonly\core</Filter>
    </ClInclude>
    <ClInclude Include="..\..\..\..\..\..\..\..\Program Files (x86)\Arduino\hardware\arduino\avr\variants\standard\pins_arduino.h">
      <Filter>src\_micro-api-readonly\variants\standard</Filter>
    </ClInclude>
    <ClInclude Include="..\..\..\..\..\..\..\..\Program Files (x86)\Arduino\hardware\arduino\avr\libraries\SoftwareSerial\src\SoftwareSerial.h">
      <Filter>src\_micro-api-readonly\libraries\SoftwareSerial\src</Filter>
    </ClInclude>
    <ClInclude Include="Node.h">
      <Filter>Header Files\StateQueue</Filter>
    </ClInclude>
    <ClInclude Include="StateQueue.h">
      <Filter>Header Files\StateQueue</Filter>
    </ClInclude>
    <ClInclude Include="Vector.h">
      <Filter>Header Files\Vector</Filter>
    </ClInclude>
  </ItemGroup>
  <ItemGroup>
    <ClCompile Include="Motor.cpp">
      <Filter>Source Files</Filter>
    </ClCompile>
    <ClCompile Include="Bluetooth.cpp">
      <Filter>Source Files</Filter>
    </ClCompile>
    <ClCompile Include="Buzzer.cpp">
      <Filter>Source Files</Filter>
    </ClCompile>
    <ClCompile Include="Car.cpp">
      <Filter>Source Files</Filter>
    </ClCompile>
    <ClCompile Include="Led.cpp">
      <Filter>Source Files</Filter>
    </ClCompile>
    <ClCompile Include="..\..\..\..\..\..\..\..\Program Files (x86)\Arduino\hardware\arduino\avr\cores\arduino\abi.cpp">
      <Filter>src\_micro-api-readonly\core</Filter>
    </ClCompile>
    <ClCompile Include="..\..\..\..\..\..\..\..\Program Files (x86)\Arduino\hardware\arduino\avr\cores\arduino\CDC.cpp">
      <Filter>src\_micro-api-readonly\core</Filter>
    </ClCompile>
    <ClCompile Include="..\..\..\..\..\..\..\..\Program Files (x86)\Arduino\hardware\arduino\avr\cores\arduino\HardwareSerial.cpp">
      <Filter>src\_micro-api-readonly\core</Filter>
    </ClCompile>
    <ClCompile Include="..\..\..\..\..\..\..\..\Program Files (x86)\Arduino\hardware\arduino\avr\cores\arduino\HardwareSerial0.cpp">
      <Filter>src\_micro-api-readonly\core</Filter>
    </ClCompile>
    <ClCompile Include="..\..\..\..\..\..\..\..\Program Files (x86)\Arduino\hardware\arduino\avr\cores\arduino\HardwareSerial1.cpp">
      <Filter>src\_micro-api-readonly\core</Filter>
    </ClCompile>
    <ClCompile Include="..\..\..\..\..\..\..\..\Program Files (x86)\Arduino\hardware\arduino\avr\cores\arduino\HardwareSerial2.cpp">
      <Filter>src\_micro-api-readonly\core</Filter>
    </ClCompile>
    <ClCompile Include="..\..\..\..\..\..\..\..\Program Files (x86)\Arduino\hardware\arduino\avr\cores\arduino\HardwareSerial3.cpp">
      <Filter>src\_micro-api-readonly\core</Filter>
    </ClCompile>
    <ClCompile Include="..\..\..\..\..\..\..\..\Program Files (x86)\Arduino\hardware\arduino\avr\cores\arduino\hooks.c">
      <Filter>src\_micro-api-readonly\core</Filter>
    </ClCompile>
    <ClCompile Include="..\..\..\..\..\..\..\..\Program Files (x86)\Arduino\hardware\arduino\avr\cores\arduino\IPAddress.cpp">
      <Filter>src\_micro-api-readonly\core</Filter>
    </ClCompile>
    <ClCompile Include="..\..\..\..\..\..\..\..\Program Files (x86)\Arduino\hardware\arduino\avr\cores\arduino\main.cpp">
      <Filter>src\_micro-api-readonly\core</Filter>
    </ClCompile>
    <ClCompile Include="..\..\..\..\..\..\..\..\Program Files (x86)\Arduino\hardware\arduino\avr\cores\arduino\new.cpp">
      <Filter>src\_micro-api-readonly\core</Filter>
    </ClCompile>
    <ClCompile Include="..\..\..\..\..\..\..\..\Program Files (x86)\Arduino\hardware\arduino\avr\cores\arduino\PluggableUSB.cpp">
      <Filter>src\_micro-api-readonly\core</Filter>
    </ClCompile>
    <ClCompile Include="..\..\..\..\..\..\..\..\Program Files (x86)\Arduino\hardware\arduino\avr\cores\arduino\Print.cpp">
      <Filter>src\_micro-api-readonly\core</Filter>
    </ClCompile>
    <ClCompile Include="..\..\..\..\..\..\..\..\Program Files (x86)\Arduino\hardware\arduino\avr\cores\arduino\Stream.cpp">
      <Filter>src\_micro-api-readonly\core</Filter>
    </ClCompile>
    <ClCompile Include="..\..\..\..\..\..\..\..\Program Files (x86)\Arduino\hardware\arduino\avr\cores\arduino\Tone.cpp">
      <Filter>src\_micro-api-readonly\core</Filter>
    </ClCompile>
    <ClCompile Include="..\..\..\..\..\..\..\..\Program Files (x86)\Arduino\hardware\arduino\avr\cores\arduino\USBCore.cpp">
      <Filter>src\_micro-api-readonly\core</Filter>
    </ClCompile>
    <ClCompile Include="..\..\..\..\..\..\..\..\Program Files (x86)\Arduino\hardware\arduino\avr\cores\arduino\WInterrupts.c">
      <Filter>src\_micro-api-readonly\core</Filter>
    </ClCompile>
    <ClCompile Include="..\..\..\..\..\..\..\..\Program Files (x86)\Arduino\hardware\arduino\avr\cores\arduino\wiring.c">
      <Filter>src\_micro-api-readonly\core</Filter>
    </ClCompile>
    <ClCompile Include="..\..\..\..\..\..\..\..\Program Files (x86)\Arduino\hardware\arduino\avr\cores\arduino\wiring_analog.c">
      <Filter>src\_micro-api-readonly\core</Filter>
    </ClCompile>
    <ClCompile Include="..\..\..\..\..\..\..\..\Program Files (x86)\Arduino\hardware\arduino\avr\cores\arduino\wiring_digital.c">
      <Filter>src\_micro-api-readonly\core</Filter>
    </ClCompile>
    <ClCompile Include="..\..\..\..\..\..\..\..\Program Files (x86)\Arduino\hardware\arduino\avr\cores\arduino\wiring_pulse.c">
      <Filter>src\_micro-api-readonly\core</Filter>
    </ClCompile>
    <ClCompile Include="..\..\..\..\..\..\..\..\Program Files (x86)\Arduino\hardware\arduino\avr\cores\arduino\wiring_shift.c">
      <Filter>src\_micro-api-readonly\core</Filter>
    </ClCompile>
    <ClCompile Include="..\..\..\..\..\..\..\..\Program Files (x86)\Arduino\hardware\arduino\avr\cores\arduino\WMath.cpp">
      <Filter>src\_micro-api-readonly\core</Filter>
    </ClCompile>
    <ClCompile Include="..\..\..\..\..\..\..\..\Program Files (x86)\Arduino\hardware\arduino\avr\cores\arduino\WString.cpp">
      <Filter>src\_micro-api-readonly\core</Filter>
    </ClCompile>
    <ClCompile Include="..\..\..\..\..\..\..\..\Program Files (x86)\Arduino\hardware\arduino\avr\libraries\SoftwareSerial\src\SoftwareSerial.cpp">
      <Filter>src\_micro-api-readonly\libraries\SoftwareSerial\src</Filter>
    </ClCompile>
    <ClCompile Include="Node.cpp">
      <Filter>Source Files\StateQueue</Filter>
    </ClCompile>
    <ClCompile Include="StateQueue.cpp">
      <Filter>Source Files\StateQueue</Filter>
    </ClCompile>
  </ItemGroup>
  <ItemGroup>
    <None Include="Main_Slave.ino" />
    <None Include="..\..\..\..\..\..\..\..\Program Files (x86)\Arduino\hardware\arduino\avr\cores\arduino\wiring_pulse.S">
      <Filter>src\_micro-api-readonly\core</Filter>
    </None>
    <None Include="..\..\..\..\..\..\..\..\Program Files (x86)\Arduino\hardware\arduino\avr\libraries\SoftwareSerial\library.properties">
      <Filter>src\_micro-api-readonly\libraries\SoftwareSerial</Filter>
    </None>
  </ItemGroup>
  <ItemGroup>
    <Text Include="..\..\..\..\..\..\..\..\Program Files (x86)\Arduino\hardware\arduino\avr\libraries\SoftwareSerial\keywords.txt">
      <Filter>src\_micro-api-readonly\libraries\SoftwareSerial</Filter>
    </Text>
  </ItemGroup>
</Project>